<Solution>
  <Folder Name="/src/">
    <Project Path="src/Primitives/Primitives.csproj" />
    <Project Path="src/Data/Data.csproj" />
    <Project Path="src/Rbf/Rbf.csproj" />
    <Project Path="src/RbfSegmentStore/RbfSegmentStore.csproj" />
    <Project Path="src/EventJournal/EventJournal.csproj" />
  </Folder>
  <Folder Name="/tools/"><Project Path="tools/EventJournal.Toolkit/EventJournal.Toolkit.csproj" /></Folder>
  <Folder Name="/tests/">
    <Project Path="tests/EventJournal.Toolkit.Tests/EventJournal.Toolkit.Tests.csproj" />
    <Project Path="tests/Primitives.Tests/Primitives.Tests.csproj" />
    <Project Path="tests/Data.Tests/Data.Tests.csproj" />
    <Project Path="tests/Rbf.Tests/Rbf.Tests.csproj" />
    <Project Path="tests/RbfSegmentStore.Tests/RbfSegmentStore.Tests.csproj" />
    <Project Path="tests/EventJournal.Tests/EventJournal.Tests.csproj" />
  </Folder>
  <Folder Name="/benchmarks/">
    <Project Path="benchmarks/Data.Benchmarks/Data.Benchmarks.csproj" />
    <Project Path="benchmarks/Rbf.Benchmarks/Rbf.Benchmarks.csproj" />
  </Folder>
</Solution>
